
Microsoft Visual Studio Solution File, Format Version 12.00
# Visual Studio 15
VisualStudioVersion = 15.0.28307.1267
MinimumVisualStudioVersion = 10.0.40219.1
Project("{FAE04EC0-301F-11D3-BF4B-00C04F79EFBC}") = "MovieDetailsApp", "MovieDetailsApp\MovieDetailsApp.csproj", "{7D3B40C5-7EE6-4CE9-9293-0ADAFB13D110}"
EndProject
Global
	GlobalSection(SolutionConfigurationPlatforms) = preSolution
		Debug|Any CPU = Debug|Any CPU
		Release|Any CPU = Release|Any CPU
	EndGlobalSection
	GlobalSection(ProjectConfigurationPlatforms) = postSolution
		{7D3B40C5-7EE6-4CE9-9293-0ADAFB13D110}.Debug|Any CPU.ActiveCfg = Debug|Any CPU
		{7D3B40C5-7EE6-4CE9-9293-0ADAFB13D110}.Debug|Any CPU.Build.0 = Debug|Any CPU
		{7D3B40C5-7EE6-4CE9-9293-0ADAFB13D110}.Release|Any CPU.ActiveCfg = Release|Any CPU
		{7D3B40C5-7EE6-4CE9-9293-0ADAFB13D110}.Release|Any CPU.Build.0 = Release|Any CPU
	EndGlobalSection
	GlobalSection(SolutionProperties) = preSolution
		HideSolutionNode = FALSE
	EndGlobalSection
	GlobalSection(ExtensibilityGlobals) = postSolution
		SolutionGuid = {7C5DD439-C105-43CC-9ED0-CF40937B44B8}
	EndGlobalSection
EndGlobal
